{
  "name": "@cloudscribble/evals",
  "version": "0.1.0",
  "lockfileVersion": 3,
  "requires": true,
  "packages": {
    "": {
      "name": "@cloudscribble/evals",
      "version": "0.1.0",
      "devDependencies": {
        "@fontsource/caveat": "^5.3.0",
        "@fontsource/gochi-hand": "^5.3.0",
        "@fontsource/homemade-apple": "^5.3.0",
        "@fontsource/indie-flower": "^5.3.0",
        "@fontsource/kalam": "^5.3.0",
        "@fontsource/nanum-pen-script": "^5.3.0",
        "@fontsource/patrick-hand": "^5.3.0",
        "@fontsource/reenie-beanie": "^5.3.0",
        "@fontsource/shadows-into-light": "^5.3.0",
        "playwright": "^1.64.0"
      }
    },
    "node_modules/@fontsource/caveat": {
      "version": "5.3.0",
      "resolved": "https://registry.npmjs.org/@fontsource/caveat/-/caveat-5.3.0.tgz",
      "integrity": "sha512-eHTfzQxFSW9ABERRLNruHoNJmKed2J7pqTUc5lp4a4POMgXGKpxmWj3d9Hz10kmAg6iuTTLe6UagbA4bnsmfQw==",
      "dev": true,
      "license": "OFL-1.1",
      "funding": {
        "url": "https://github.com/sponsors/ayuhito"
      }
    },
    "node_modules/@fontsource/gochi-hand": {
      "version": "5.3.0",
      "resolved": "https://registry.npmjs.org/@fontsource/gochi-hand/-/gochi-hand-5.3.0.tgz",
      "integrity": "sha512-IW6Xo3wbZuTLyx7hZzIr7+VSQwQ3oEiLZRphBnuNVaK+dhdxwYw57/r1NVi8x1ubX4OYyCG2S04mH6tLhanIsQ==",
      "dev": true,
      "license": "OFL-1.1",
      "funding": {
        "url": "https://github.com/sponsors/ayuhito"
      }
    },
    "node_modules/@fontsource/homemade-apple": {
      "version": "5.3.0",
      "resolved": "https://registry.npmjs.org/@fontsource/homemade-apple/-/homemade-apple-5.3.0.tgz",
      "integrity": "sha512-awJSYTbSY3SroC8nirEhDauHvERVvm0LI3FpUHsPZXl9Tht1xrqhiI8ro4yf3ROcvQ7CfFJ/2+DLcOHBOXhJKw==",
      "dev": true,
      "license": "Apache-2.0",
      "funding": {
        "url": "https://github.com/sponsors/ayuhito"
      }
    },
    "node_modules/@fontsource/indie-flower": {
      "version": "5.3.0",
      "resolved": "https://registry.npmjs.org/@fontsource/indie-flower/-/indie-flower-5.3.0.tgz",
      "integrity": "sha512-Wo5eN/ruEQcyC3+ArzhlpqWQgph3VuCNbJlEkVw17LUd0uyTHOb9bTec4g9njQzjiL/ijACF27sSwy90L6kZBg==",
      "dev": true,
      "license": "OFL-1.1",
      "funding": {
        "url": "https://github.com/sponsors/ayuhito"
      }
    },
    "node_modules/@fontsource/kalam": {
      "version": "5.3.0",
      "resolved": "https://registry.npmjs.org/@fontsource/kalam/-/kalam-5.3.0.tgz",
      "integrity": "sha512-FDkVoDfPDCSN/eO81FOYtUI67eMgpVBJmjBtAqSL0PmEhJyeFY2biC+CR+yEttksgXR9+swpFdYmQTyjwBq80Q==",
      "dev": true,
      "license": "OFL-1.1",
      "funding": {
        "url": "https://github.com/sponsors/ayuhito"
      }
    },
    "node_modules/@fontsource/nanum-pen-script": {
      "version": "5.3.0",
      "resolved": "https://registry.npmjs.org/@fontsource/nanum-pen-script/-/nanum-pen-script-5.3.0.tgz",
      "integrity": "sha512-at9MFL8ga0A3Xce1+CO6/56F/SHIlf++D4vVKw3yCNRPKh6JU0UgZ3r9un0qHPVxx0Miq2bGZ35RRRlu/4BIDg==",
      "dev": true,
      "license": "OFL-1.1",
      "funding": {
        "url": "https://github.com/sponsors/ayuhito"
      }
    },
    "node_modules/@fontsource/patrick-hand": {
      "version": "5.3.0",
      "resolved": "https://registry.npmjs.org/@fontsource/patrick-hand/-/patrick-hand-5.3.0.tgz",
      "integrity": "sha512-V8C38IlIFfdWg0Xtri3F7sLCVpm069rUwn6w4n+oyn38gt7H4arOJmuReg3tAw1Q6jHqZp89wTnAAJagq4Atxw==",
      "dev": true,
      "license": "OFL-1.1",
      "funding": {
        "url": "https://github.com/sponsors/ayuhito"
      }
    },
    "node_modules/@fontsource/reenie-beanie": {
      "version": "5.3.0",
      "resolved": "https://registry.npmjs.org/@fontsource/reenie-beanie/-/reenie-beanie-5.3.0.tgz",
      "integrity": "sha512-PgEiqKdPCLlvdY2IMWMBdYyMdr1mo1zxVBRNFlo3gclnCz560iiyTTt0dU4/VIGnjhyAb3gSWIQL0qXnn5oaYw==",
      "dev": true,
      "license": "OFL-1.1",
      "funding": {
        "url": "https://github.com/sponsors/ayuhito"
      }
    },
    "node_modules/@fontsource/shadows-into-light": {
      "version": "5.3.0",
      "resolved": "https://registry.npmjs.org/@fontsource/shadows-into-light/-/shadows-into-light-5.3.0.tgz",
      "integrity": "sha512-3dvv0i8/ZwLMY08AAlTLivHUdNQYB6Fxe92d7BZiGbHY2GQnCxEd8JC9CBzxTiP4iyWNa6OZn9LXF+xjc9LaGw==",
      "dev": true,
      "license": "OFL-1.1",
      "funding": {
        "url": "https://github.com/sponsors/ayuhito"
      }
    },
    "node_modules/playwright": {
      "version": "1.64.0",
      "resolved": "https://registry.npmjs.org/playwright/-/playwright-1.64.0.tgz",
      "integrity": "sha512-kVzTnYFYEyQ9RGzBjNCd2+yEqWmVbxl3AHPynv3qQ6JTjv4a+kwRcnqQwIpuP3NnrnIrE/Q6wWAIAvMfIE2/Yg==",
      "dev": true,
      "license": "Apache-2.0",
      "dependencies": {
        "playwright-core": "1.64.0"
      },
      "bin": {
        "playwright": "cli.js"
      },
      "engines": {
        "node": ">=20"
      }
    },
    "node_modules/playwright-core": {
      "version": "1.64.0",
      "resolved": "https://registry.npmjs.org/playwright-core/-/playwright-core-1.64.0.tgz",
      "integrity": "sha512-T9r+MZkTECl2+oUcZ26YgZzTrYidTsIhYYkJix+6iDOymOb1FB2RLLSOxRGnZGv5DStt+aduIVbt+E8WygXYpg==",
      "dev": true,
      "license": "Apache-2.0",
      "bin": {
        "playwright-core": "cli.js"
      },
      "engines": {
        "node": ">=20"
      }
    }
  }
}
